
Microsoft Visual Studio Solution File, Format Version 12.00
# Visual Studio Version 17
VisualStudioVersion = 17.11.35222.181
MinimumVisualStudioVersion = 10.0.40219.1
Project("{2150E333-8FDC-42A3-9474-1A3956D46DE8}") = "Services", "Services", "{351180A3-4CD4-4AAD-99D7-43C64FBFBA17}"
EndProject
Project("{2150E333-8FDC-42A3-9474-1A3956D46DE8}") = "Catalog", "Catalog", "{4F61E04E-BB8C-42C1-B53D-5A86B66C36B6}"
EndProject
Project("{9A19103F-16F7-4668-BE54-9A1E7A4F7556}") = "Catalog.Api", "Services\Catalog\CatalogApi\Catalog.Api.csproj", "{7F431611-94FF-4A7D-B1CE-A7835822E4A0}"
EndProject
Project("{2150E333-8FDC-42A3-9474-1A3956D46DE8}") = "BuildingBlocks", "BuildingBlocks", "{559539C7-60BD-4DCD-98E5-AC2E6F195DC8}"
EndProject
Project("{9A19103F-16F7-4668-BE54-9A1E7A4F7556}") = "BuildingBlocks", "src\BuildingBlocks\BuildingBlocks\BuildingBlocks.csproj", "{14A648DE-5692-4BD3-B757-B64416DD7CE2}"
EndProject
Project("{E53339B2-1760-4266-BCC7-CA923CBCF16C}") = "docker-compose", "docker-compose.dcproj", "{8EFEE7E0-F53E-4114-897E-C5B750D28690}"
EndProject
Project("{2150E333-8FDC-42A3-9474-1A3956D46DE8}") = "Basket", "Basket", "{447AFD7C-95ED-4AAF-8C77-0C1D08030397}"
EndProject
Project("{9A19103F-16F7-4668-BE54-9A1E7A4F7556}") = "Basket.Api", "Services\Basket\Basket.Ap\Basket.Api.csproj", "{D2A285B0-1911-4745-B181-7F56018BD0E5}"
EndProject
Project("{9A19103F-16F7-4668-BE54-9A1E7A4F7556}") = "Discount.Grpc", "Services\Discount\Discount.Grpc\Discount.Grpc.csproj", "{9023A209-FBFB-4877-B091-571E32B80F06}"
EndProject
Project("{2150E333-8FDC-42A3-9474-1A3956D46DE8}") = "Discount", "Discount", "{377EDF21-4F27-40D7-AC3B-F5DAADBF587D}"
EndProject
Project("{2150E333-8FDC-42A3-9474-1A3956D46DE8}") = "Ordering", "Ordering", "{2BCD2580-62E4-4D2B-9389-D9ED820E7577}"
EndProject
Project("{FAE04EC0-301F-11D3-BF4B-00C04F79EFBC}") = "Ordering.Api", "Services\Ordering\Ordering.Api\Ordering.Api.csproj", "{60C8CDF7-2D03-4548-B85E-0733303DA3FB}"
EndProject
Project("{FAE04EC0-301F-11D3-BF4B-00C04F79EFBC}") = "Ordering.Application", "Services\Ordering\Ordering.Application\Ordering.Application.csproj", "{EB8C05D4-212F-4BFC-931C-7CC7809824D7}"
EndProject
Project("{FAE04EC0-301F-11D3-BF4B-00C04F79EFBC}") = "Ordering.Domain", "Services\Ordering\Ordering.Domain\Ordering.Domain.csproj", "{046E7454-B2FC-4EC5-BCCD-F2F79F039D38}"
EndProject
Project("{FAE04EC0-301F-11D3-BF4B-00C04F79EFBC}") = "Ordering.Infrastructure", "Services\Ordering\Ordering.Infrastructure\Ordering.Infrastructure.csproj", "{656E0060-C91B-411A-A40A-502E11845B5D}"
EndProject
Global
	GlobalSection(SolutionConfigurationPlatforms) = preSolution
		Debug|Any CPU = Debug|Any CPU
		Release|Any CPU = Release|Any CPU
	EndGlobalSection
	GlobalSection(ProjectConfigurationPlatforms) = postSolution
		{7F431611-94FF-4A7D-B1CE-A7835822E4A0}.Debug|Any CPU.ActiveCfg = Debug|Any CPU
		{7F431611-94FF-4A7D-B1CE-A7835822E4A0}.Debug|Any CPU.Build.0 = Debug|Any CPU
		{7F431611-94FF-4A7D-B1CE-A7835822E4A0}.Release|Any CPU.ActiveCfg = Release|Any CPU
		{7F431611-94FF-4A7D-B1CE-A7835822E4A0}.Release|Any CPU.Build.0 = Release|Any CPU
		{14A648DE-5692-4BD3-B757-B64416DD7CE2}.Debug|Any CPU.ActiveCfg = Debug|Any CPU
		{14A648DE-5692-4BD3-B757-B64416DD7CE2}.Debug|Any CPU.Build.0 = Debug|Any CPU
		{14A648DE-5692-4BD3-B757-B64416DD7CE2}.Release|Any CPU.ActiveCfg = Release|Any CPU
		{14A648DE-5692-4BD3-B757-B64416DD7CE2}.Release|Any CPU.Build.0 = Release|Any CPU
		{8EFEE7E0-F53E-4114-897E-C5B750D28690}.Debug|Any CPU.ActiveCfg = Debug|Any CPU
		{8EFEE7E0-F53E-4114-897E-C5B750D28690}.Debug|Any CPU.Build.0 = Debug|Any CPU
		{8EFEE7E0-F53E-4114-897E-C5B750D28690}.Release|Any CPU.ActiveCfg = Release|Any CPU
		{8EFEE7E0-F53E-4114-897E-C5B750D28690}.Release|Any CPU.Build.0 = Release|Any CPU
		{D2A285B0-1911-4745-B181-7F56018BD0E5}.Debug|Any CPU.ActiveCfg = Debug|Any CPU
		{D2A285B0-1911-4745-B181-7F56018BD0E5}.Debug|Any CPU.Build.0 = Debug|Any CPU
		{D2A285B0-1911-4745-B181-7F56018BD0E5}.Release|Any CPU.ActiveCfg = Release|Any CPU
		{D2A285B0-1911-4745-B181-7F56018BD0E5}.Release|Any CPU.Build.0 = Release|Any CPU
		{9023A209-FBFB-4877-B091-571E32B80F06}.Debug|Any CPU.ActiveCfg = Debug|Any CPU
		{9023A209-FBFB-4877-B091-571E32B80F06}.Debug|Any CPU.Build.0 = Debug|Any CPU
		{9023A209-FBFB-4877-B091-571E32B80F06}.Release|Any CPU.ActiveCfg = Release|Any CPU
		{9023A209-FBFB-4877-B091-571E32B80F06}.Release|Any CPU.Build.0 = Release|Any CPU
		{60C8CDF7-2D03-4548-B85E-0733303DA3FB}.Debug|Any CPU.ActiveCfg = Debug|Any CPU
		{60C8CDF7-2D03-4548-B85E-0733303DA3FB}.Debug|Any CPU.Build.0 = Debug|Any CPU
		{60C8CDF7-2D03-4548-B85E-0733303DA3FB}.Release|Any CPU.ActiveCfg = Release|Any CPU
		{60C8CDF7-2D03-4548-B85E-0733303DA3FB}.Release|Any CPU.Build.0 = Release|Any CPU
		{EB8C05D4-212F-4BFC-931C-7CC7809824D7}.Debug|Any CPU.ActiveCfg = Debug|Any CPU
		{EB8C05D4-212F-4BFC-931C-7CC7809824D7}.Debug|Any CPU.Build.0 = Debug|Any CPU
		{EB8C05D4-212F-4BFC-931C-7CC7809824D7}.Release|Any CPU.ActiveCfg = Release|Any CPU
		{EB8C05D4-212F-4BFC-931C-7CC7809824D7}.Release|Any CPU.Build.0 = Release|Any CPU
		{046E7454-B2FC-4EC5-BCCD-F2F79F039D38}.Debug|Any CPU.ActiveCfg = Debug|Any CPU
		{046E7454-B2FC-4EC5-BCCD-F2F79F039D38}.Debug|Any CPU.Build.0 = Debug|Any CPU
		{046E7454-B2FC-4EC5-BCCD-F2F79F039D38}.Release|Any CPU.ActiveCfg = Release|Any CPU
		{046E7454-B2FC-4EC5-BCCD-F2F79F039D38}.Release|Any CPU.Build.0 = Release|Any CPU
		{656E0060-C91B-411A-A40A-502E11845B5D}.Debug|Any CPU.ActiveCfg = Debug|Any CPU
		{656E0060-C91B-411A-A40A-502E11845B5D}.Debug|Any CPU.Build.0 = Debug|Any CPU
		{656E0060-C91B-411A-A40A-502E11845B5D}.Release|Any CPU.ActiveCfg = Release|Any CPU
		{656E0060-C91B-411A-A40A-502E11845B5D}.Release|Any CPU.Build.0 = Release|Any CPU
	EndGlobalSection
	GlobalSection(SolutionProperties) = preSolution
		HideSolutionNode = FALSE
	EndGlobalSection
	GlobalSection(NestedProjects) = preSolution
		{4F61E04E-BB8C-42C1-B53D-5A86B66C36B6} = {351180A3-4CD4-4AAD-99D7-43C64FBFBA17}
		{7F431611-94FF-4A7D-B1CE-A7835822E4A0} = {4F61E04E-BB8C-42C1-B53D-5A86B66C36B6}
		{14A648DE-5692-4BD3-B757-B64416DD7CE2} = {559539C7-60BD-4DCD-98E5-AC2E6F195DC8}
		{447AFD7C-95ED-4AAF-8C77-0C1D08030397} = {351180A3-4CD4-4AAD-99D7-43C64FBFBA17}
		{D2A285B0-1911-4745-B181-7F56018BD0E5} = {447AFD7C-95ED-4AAF-8C77-0C1D08030397}
		{9023A209-FBFB-4877-B091-571E32B80F06} = {377EDF21-4F27-40D7-AC3B-F5DAADBF587D}
		{377EDF21-4F27-40D7-AC3B-F5DAADBF587D} = {351180A3-4CD4-4AAD-99D7-43C64FBFBA17}
		{2BCD2580-62E4-4D2B-9389-D9ED820E7577} = {351180A3-4CD4-4AAD-99D7-43C64FBFBA17}
		{60C8CDF7-2D03-4548-B85E-0733303DA3FB} = {2BCD2580-62E4-4D2B-9389-D9ED820E7577}
		{EB8C05D4-212F-4BFC-931C-7CC7809824D7} = {2BCD2580-62E4-4D2B-9389-D9ED820E7577}
		{046E7454-B2FC-4EC5-BCCD-F2F79F039D38} = {2BCD2580-62E4-4D2B-9389-D9ED820E7577}
		{656E0060-C91B-411A-A40A-502E11845B5D} = {2BCD2580-62E4-4D2B-9389-D9ED820E7577}
	EndGlobalSection
	GlobalSection(ExtensibilityGlobals) = postSolution
		SolutionGuid = {601C79F1-CDF1-4400-9C23-B216402F2C17}
	EndGlobalSection
EndGlobal
